
Microsoft Visual Studio Solution File, Format Version 12.00
# Visual Studio Version 17
VisualStudioVersion = 17.14.36414.22 d17.14
MinimumVisualStudioVersion = 10.0.40219.1
Project("{FAE04EC0-301F-11D3-BF4B-00C04F79EFBC}") = "SpaceLoctor", "SpaceLoctor\SpaceLoctor.csproj", "{4814C33A-C144-4BFD-A29B-4C48134AB540}"
EndProject
Global
	GlobalSection(SolutionConfigurationPlatforms) = preSolution
		Debug|Any CPU = Debug|Any CPU
		Release|Any CPU = Release|Any CPU
	EndGlobalSection
	GlobalSection(ProjectConfigurationPlatforms) = postSolution
		{4814C33A-C144-4BFD-A29B-4C48134AB540}.Debug|Any CPU.ActiveCfg = Debug|Any CPU
		{4814C33A-C144-4BFD-A29B-4C48134AB540}.Debug|Any CPU.Build.0 = Debug|Any CPU
		{4814C33A-C144-4BFD-A29B-4C48134AB540}.Release|Any CPU.ActiveCfg = Release|Any CPU
		{4814C33A-C144-4BFD-A29B-4C48134AB540}.Release|Any CPU.Build.0 = Release|Any CPU
	EndGlobalSection
	GlobalSection(SolutionProperties) = preSolution
		HideSolutionNode = FALSE
	EndGlobalSection
	GlobalSection(ExtensibilityGlobals) = postSolution
		SolutionGuid = {4FF33C4E-85D9-4B25-912D-A83090B23F44}
	EndGlobalSection
EndGlobal
